
Microsoft Visual Studio Solution File, Format Version 12.00
# Visual Studio Version 16
VisualStudioVersion = 16.0.30128.74
MinimumVisualStudioVersion = 10.0.40219.1
Project("{FAE04EC0-301F-11D3-BF4B-00C04F79EFBC}") = "BlackOpsErrorMonitor", "BlackOpsErrorMonitor\BlackOpsErrorMonitor.csproj", "{DE20D528-6F3B-4EEB-A192-5D22AC339868}"
EndProject
Project("{8BC9CEB8-8B4A-11D0-8D11-00A0C91BC942}") = "MagicbennieBO1InternalHooks", "MagicbennieBO1InternalHooks\MagicbennieBO1InternalHooks.vcxproj", "{760A8A40-8452-414B-9268-037F57DD96B6}"
EndProject
Global
	GlobalSection(SolutionConfigurationPlatforms) = preSolution
		Debug|Any CPU = Debug|Any CPU
		Debug|x64 = Debug|x64
		Debug|x86 = Debug|x86
		Release|Any CPU = Release|Any CPU
		Release|x64 = Release|x64
		Release|x86 = Release|x86
	EndGlobalSection
	GlobalSection(ProjectConfigurationPlatforms) = postSolution
		{DE20D528-6F3B-4EEB-A192-5D22AC339868}.Debug|Any CPU.ActiveCfg = Debug|Any CPU
		{DE20D528-6F3B-4EEB-A192-5D22AC339868}.Debug|Any CPU.Build.0 = Debug|Any CPU
		{DE20D528-6F3B-4EEB-A192-5D22AC339868}.Debug|x64.ActiveCfg = Debug|Any CPU
		{DE20D528-6F3B-4EEB-A192-5D22AC339868}.Debug|x64.Build.0 = Debug|Any CPU
		{DE20D528-6F3B-4EEB-A192-5D22AC339868}.Debug|x86.ActiveCfg = Debug|Any CPU
		{DE20D528-6F3B-4EEB-A192-5D22AC339868}.Debug|x86.Build.0 = Debug|Any CPU
		{DE20D528-6F3B-4EEB-A192-5D22AC339868}.Release|Any CPU.ActiveCfg = Release|Any CPU
		{DE20D528-6F3B-4EEB-A192-5D22AC339868}.Release|Any CPU.Build.0 = Release|Any CPU
		{DE20D528-6F3B-4EEB-A192-5D22AC339868}.Release|x64.ActiveCfg = Release|Any CPU
		{DE20D528-6F3B-4EEB-A192-5D22AC339868}.Release|x64.Build.0 = Release|Any CPU
		{DE20D528-6F3B-4EEB-A192-5D22AC339868}.Release|x86.ActiveCfg = Release|Any CPU
		{DE20D528-6F3B-4EEB-A192-5D22AC339868}.Release|x86.Build.0 = Release|Any CPU
		{760A8A40-8452-414B-9268-037F57DD96B6}.Debug|Any CPU.ActiveCfg = Debug|Win32
		{760A8A40-8452-414B-9268-037F57DD96B6}.Debug|x64.ActiveCfg = Debug|x64
		{760A8A40-8452-414B-9268-037F57DD96B6}.Debug|x64.Build.0 = Debug|x64
		{760A8A40-8452-414B-9268-037F57DD96B6}.Debug|x86.ActiveCfg = Debug|Win32
		{760A8A40-8452-414B-9268-037F57DD96B6}.Debug|x86.Build.0 = Debug|Win32
		{760A8A40-8452-414B-9268-037F57DD96B6}.Release|Any CPU.ActiveCfg = Release|Win32
		{760A8A40-8452-414B-9268-037F57DD96B6}.Release|x64.ActiveCfg = Release|x64
		{760A8A40-8452-414B-9268-037F57DD96B6}.Release|x64.Build.0 = Release|x64
		{760A8A40-8452-414B-9268-037F57DD96B6}.Release|x86.ActiveCfg = Release|Win32
		{760A8A40-8452-414B-9268-037F57DD96B6}.Release|x86.Build.0 = Release|Win32
	EndGlobalSection
	GlobalSection(SolutionProperties) = preSolution
		HideSolutionNode = FALSE
	EndGlobalSection
	GlobalSection(ExtensibilityGlobals) = postSolution
		SolutionGuid = {8AA40AD1-E74D-40B2-A523-D69EADFEB498}
	EndGlobalSection
EndGlobal
